
Microsoft Visual Studio Solution File, Format Version 12.00
# Visual Studio Version 16
VisualStudioVersion = 16.0.30524.135
MinimumVisualStudioVersion = 10.0.40219.1
Project("{FAE04EC0-301F-11D3-BF4B-00C04F79EFBC}") = "TrackLogAPIConsole", "TrackLogAPIConsole\TrackLogAPIConsole.csproj", "{A45288E7-2198-4D94-B8EC-326277C087F3}"
EndProject
Global
	GlobalSection(SolutionConfigurationPlatforms) = preSolution
		Debug|Any CPU = Debug|Any CPU
		Release|Any CPU = Release|Any CPU
	EndGlobalSection
	GlobalSection(ProjectConfigurationPlatforms) = postSolution
		{A45288E7-2198-4D94-B8EC-326277C087F3}.Debug|Any CPU.ActiveCfg = Debug|Any CPU
		{A45288E7-2198-4D94-B8EC-326277C087F3}.Debug|Any CPU.Build.0 = Debug|Any CPU
		{A45288E7-2198-4D94-B8EC-326277C087F3}.Release|Any CPU.ActiveCfg = Release|Any CPU
		{A45288E7-2198-4D94-B8EC-326277C087F3}.Release|Any CPU.Build.0 = Release|Any CPU
	EndGlobalSection
	GlobalSection(SolutionProperties) = preSolution
		HideSolutionNode = FALSE
	EndGlobalSection
	GlobalSection(ExtensibilityGlobals) = postSolution
		SolutionGuid = {121153D8-7C76-49F5-8AA6-D52C2AABB4E5}
	EndGlobalSection
EndGlobal
